// !$*UTF8*$!
{
	archiveVersion = 1;
	classes = {
	};
	objectVersion = 56;
	objects = {

/* Begin PBXBuildFile section */
		DAD672BE2A8F51C6007C103A /* StartGame.swift in Sources */ = {isa = PBXBuildFile; fileRef = DAD672B22A8F51C6007C103A /* StartGame.swift */; };
		DAD672C12A8F51C6007C103A /* EndOfRound.swift in Sources */ = {isa = PBXBuildFile; fileRef = DAD672B52A8F51C6007C103A /* EndOfRound.swift */; };
		DAD672C22A8F51C6007C103A /* GameData.swift in Sources */ = {isa = PBXBuildFile; fileRef = DAD672B62A8F51C6007C103A /* GameData.swift */; };
		DAD672C52A8F51C6007C103A /* MatchManager.swift in Sources */ = {isa = PBXBuildFile; fileRef = DAD672BA2A8F51C6007C103A /* MatchManager.swift */; };
		DAD672CC2A8F5292007C103A /* MathSolver.swift in Sources */ = {isa = PBXBuildFile; fileRef = DAD672CA2A8F5292007C103A /* MathSolver.swift */; };
		DAD672CD2A8F5292007C103A /* LoadMaze.swift in Sources */ = {isa = PBXBuildFile; fileRef = DAD672CB2A8F5292007C103A /* LoadMaze.swift */; };
		DAD672D12A8F52AF007C103A /* round2.txt in Resources */ = {isa = PBXBuildFile; fileRef = DAD672CF2A8F52AF007C103A /* round2.txt */; };
		DAD672D22A8F52AF007C103A /* round1.txt in Resources */ = {isa = PBXBuildFile; fileRef = DAD672D02A8F52AF007C103A /* round1.txt */; };
		DAE022872A78F67B00172C97 /* MathoDashApp.swift in Sources */ = {isa = PBXBuildFile; fileRef = DAE022862A78F67B00172C97 /* MathoDashApp.swift */; };
		DAE022892A78F67B00172C97 /* ContentView.swift in Sources */ = {isa = PBXBuildFile; fileRef = DAE022882A78F67B00172C97 /* ContentView.swift */; };
		DAE0228B2A78F67D00172C97 /* Assets.xcassets in Resources */ = {isa = PBXBuildFile; fileRef = DAE0228A2A78F67D00172C97 /* Assets.xcassets */; };
		DAE0228E2A78F67D00172C97 /* Preview Assets.xcassets in Resources */ = {isa = PBXBuildFile; fileRef = DAE0228D2A78F67D00172C97 /* Preview Assets.xcassets */; };
		DAE022982A78F67D00172C97 /* MathoDashTests.swift in Sources */ = {isa = PBXBuildFile; fileRef = DAE022972A78F67D00172C97 /* MathoDashTests.swift */; };
		DAE022A22A78F67D00172C97 /* MathoDashUITests.swift in Sources */ = {isa = PBXBuildFile; fileRef = DAE022A12A78F67D00172C97 /* MathoDashUITests.swift */; };
		DAE022A42A78F67D00172C97 /* MathoDashUITestsLaunchTests.swift in Sources */ = {isa = PBXBuildFile; fileRef = DAE022A32A78F67D00172C97 /* MathoDashUITestsLaunchTests.swift */; };
		DAE022B52A7A3F0A00172C97 /* GameView.swift in Sources */ = {isa = PBXBuildFile; fileRef = DAE022B42A7A3F0A00172C97 /* GameView.swift */; };
		DAE022B72A7A3F1E00172C97 /* GameOverView.swift in Sources */ = {isa = PBXBuildFile; fileRef = DAE022B62A7A3F1E00172C97 /* GameOverView.swift */; };
		DAF9E9562A944C3100EA1B6E /* LuckiestGuy-Regular.ttf in Resources */ = {isa = PBXBuildFile; fileRef = DAF9E9552A944C0B00EA1B6E /* LuckiestGuy-Regular.ttf */; };
/* End PBXBuildFile section */

/* Begin PBXContainerItemProxy section */
		DAE022942A78F67D00172C97 /* PBXContainerItemProxy */ = {
			isa = PBXContainerItemProxy;
			containerPortal = DAE0227B2A78F67B00172C97 /* Project object */;
			proxyType = 1;
			remoteGlobalIDString = DAE022822A78F67B00172C97;
			remoteInfo = MathoDash;
		};
		DAE0229E2A78F67D00172C97 /* PBXContainerItemProxy */ = {
			isa = PBXContainerItemProxy;
			containerPortal = DAE0227B2A78F67B00172C97 /* Project object */;
			proxyType = 1;
			remoteGlobalIDString = DAE022822A78F67B00172C97;
			remoteInfo = MathoDash;
		};
/* End PBXContainerItemProxy section */

/* Begin PBXFileReference section */
		DAD672B22A8F51C6007C103A /* StartGame.swift */ = {isa = PBXFileReference; fileEncoding = 4; lastKnownFileType = sourcecode.swift; path = StartGame.swift; sourceTree = "<group>"; };
		DAD672B52A8F51C6007C103A /* EndOfRound.swift */ = {isa = PBXFileReference; fileEncoding = 4; lastKnownFileType = sourcecode.swift; name = EndOfRound.swift; path = ../EndOfRound.swift; sourceTree = "<group>"; };
		DAD672B62A8F51C6007C103A /* GameData.swift */ = {isa = PBXFileReference; fileEncoding = 4; lastKnownFileType = sourcecode.swift; name = GameData.swift; path = ../GameData.swift; sourceTree = "<group>"; };
		DAD672BA2A8F51C6007C103A /* MatchManager.swift */ = {isa = PBXFileReference; fileEncoding = 4; lastKnownFileType = sourcecode.swift; path = MatchManager.swift; sourceTree = "<group>"; };
		DAD672CA2A8F5292007C103A /* MathSolver.swift */ = {isa = PBXFileReference; fileEncoding = 4; lastKnownFileType = sourcecode.swift; path = MathSolver.swift; sourceTree = "<group>"; };
		DAD672CB2A8F5292007C103A /* LoadMaze.swift */ = {isa = PBXFileReference; fileEncoding = 4; lastKnownFileType = sourcecode.swift; path = LoadMaze.swift; sourceTree = "<group>"; };
		DAD672CF2A8F52AF007C103A /* round2.txt */ = {isa = PBXFileReference; fileEncoding = 4; lastKnownFileType = text; path = round2.txt; sourceTree = "<group>"; };
		DAD672D02A8F52AF007C103A /* round1.txt */ = {isa = PBXFileReference; fileEncoding = 4; lastKnownFileType = text; path = round1.txt; sourceTree = "<group>"; };
		DAE022832A78F67B00172C97 /* MathoDash.app */ = {isa = PBXFileReference; explicitFileType = wrapper.application; includeInIndex = 0; path = MathoDash.app; sourceTree = BUILT_PRODUCTS_DIR; };
		DAE022862A78F67B00172C97 /* MathoDashApp.swift */ = {isa = PBXFileReference; lastKnownFileType = sourcecode.swift; path = MathoDashApp.swift; sourceTree = "<group>"; };
		DAE022882A78F67B00172C97 /* ContentView.swift */ = {isa = PBXFileReference; lastKnownFileType = sourcecode.swift; path = ContentView.swift; sourceTree = "<group>"; };
		DAE0228A2A78F67D00172C97 /* Assets.xcassets */ = {isa = PBXFileReference; lastKnownFileType = folder.assetcatalog; path = Assets.xcassets; sourceTree = "<group>"; };
		DAE0228D2A78F67D00172C97 /* Preview Assets.xcassets */ = {isa = PBXFileReference; lastKnownFileType = folder.assetcatalog; path = "Preview Assets.xcassets"; sourceTree = "<group>"; };
		DAE022932A78F67D00172C97 /* MathoDashTests.xctest */ = {isa = PBXFileReference; explicitFileType = wrapper.cfbundle; includeInIndex = 0; path = MathoDashTests.xctest; sourceTree = BUILT_PRODUCTS_DIR; };
		DAE022972A78F67D00172C97 /* MathoDashTests.swift */ = {isa = PBXFileReference; lastKnownFileType = sourcecode.swift; path = MathoDashTests.swift; sourceTree = "<group>"; };
		DAE0229D2A78F67D00172C97 /* MathoDashUITests.xctest */ = {isa = PBXFileReference; explicitFileType = wrapper.cfbundle; includeInIndex = 0; path = MathoDashUITests.xctest; sourceTree = BUILT_PRODUCTS_DIR; };
		DAE022A12A78F67D00172C97 /* MathoDashUITests.swift */ = {isa = PBXFileReference; lastKnownFileType = sourcecode.swift; path = MathoDashUITests.swift; sourceTree = "<group>"; };
		DAE022A32A78F67D00172C97 /* MathoDashUITestsLaunchTests.swift */ = {isa = PBXFileReference; lastKnownFileType = sourcecode.swift; path = MathoDashUITestsLaunchTests.swift; sourceTree = "<group>"; };
		DAE022B02A78F91E00172C97 /* MathoDash.entitlements */ = {isa = PBXFileReference; lastKnownFileType = text.plist.entitlements; path = MathoDash.entitlements; sourceTree = "<group>"; };
		DAE022B42A7A3F0A00172C97 /* GameView.swift */ = {isa = PBXFileReference; lastKnownFileType = sourcecode.swift; path = GameView.swift; sourceTree = "<group>"; };
		DAE022B62A7A3F1E00172C97 /* GameOverView.swift */ = {isa = PBXFileReference; lastKnownFileType = sourcecode.swift; path = GameOverView.swift; sourceTree = "<group>"; };
		DAF9E9552A944C0B00EA1B6E /* LuckiestGuy-Regular.ttf */ = {isa = PBXFileReference; lastKnownFileType = file; path = "LuckiestGuy-Regular.ttf"; sourceTree = "<group>"; };
		DAF9E95A2A944E2200EA1B6E /* Info.plist */ = {isa = PBXFileReference; lastKnownFileType = text.plist; path = Info.plist; sourceTree = "<group>"; };
/* End PBXFileReference section */

/* Begin PBXFrameworksBuildPhase section */
		DAE022802A78F67B00172C97 /* Frameworks */ = {
			isa = PBXFrameworksBuildPhase;
			buildActionMask = 2147483647;
			files = (
			);
			runOnlyForDeploymentPostprocessing = 0;
		};
		DAE022902A78F67D00172C97 /* Frameworks */ = {
			isa = PBXFrameworksBuildPhase;
			buildActionMask = 2147483647;
			files = (
			);
			runOnlyForDeploymentPostprocessing = 0;
		};
		DAE0229A2A78F67D00172C97 /* Frameworks */ = {
			isa = PBXFrameworksBuildPhase;
			buildActionMask = 2147483647;
			files = (
			);
			runOnlyForDeploymentPostprocessing = 0;
		};
/* End PBXFrameworksBuildPhase section */

/* Begin PBXGroup section */
		DAD672B02A8F51C6007C103A /* Model */ = {
			isa = PBXGroup;
			children = (
				DAD672B52A8F51C6007C103A /* EndOfRound.swift */,
				DAD672B62A8F51C6007C103A /* GameData.swift */,
				DAD672B22A8F51C6007C103A /* StartGame.swift */,
			);
			path = Model;
			sourceTree = "<group>";
		};
		DAD672B92A8F51C6007C103A /* ViewModel */ = {
			isa = PBXGroup;
			children = (
				DAD672CB2A8F5292007C103A /* LoadMaze.swift */,
				DAD672CA2A8F5292007C103A /* MathSolver.swift */,
				DAD672BA2A8F51C6007C103A /* MatchManager.swift */,
			);
			path = ViewModel;
			sourceTree = "<group>";
		};
		DAD672CE2A8F529C007C103A /* Files */ = {
			isa = PBXGroup;
			children = (
				DAD672D02A8F52AF007C103A /* round1.txt */,
				DAD672CF2A8F52AF007C103A /* round2.txt */,
			);
			path = Files;
			sourceTree = "<group>";
		};
		DAE0227A2A78F67B00172C97 = {
			isa = PBXGroup;
			children = (
				DAE022852A78F67B00172C97 /* MathoDash */,
				DAE022962A78F67D00172C97 /* MathoDashTests */,
				DAE022A02A78F67D00172C97 /* MathoDashUITests */,
				DAE022842A78F67B00172C97 /* Products */,
			);
			sourceTree = "<group>";
		};
		DAE022842A78F67B00172C97 /* Products */ = {
			isa = PBXGroup;
			children = (
				DAE022832A78F67B00172C97 /* MathoDash.app */,
				DAE022932A78F67D00172C97 /* MathoDashTests.xctest */,
				DAE0229D2A78F67D00172C97 /* MathoDashUITests.xctest */,
			);
			name = Products;
			sourceTree = "<group>";
		};
		DAE022852A78F67B00172C97 /* MathoDash */ = {
			isa = PBXGroup;
			children = (
				DAF9E95A2A944E2200EA1B6E /* Info.plist */,
				DAF9E9542A944BFF00EA1B6E /* fonts */,
				DAD672CE2A8F529C007C103A /* Files */,
				DAD672B02A8F51C6007C103A /* Model */,
				DAD672B92A8F51C6007C103A /* ViewModel */,
				DAE022B32A7A3EF700172C97 /* Views */,
				DAE022B02A78F91E00172C97 /* MathoDash.entitlements */,
				DAE022862A78F67B00172C97 /* MathoDashApp.swift */,
				DAE0228A2A78F67D00172C97 /* Assets.xcassets */,
				DAE0228C2A78F67D00172C97 /* Preview Content */,
			);
			path = MathoDash;
			sourceTree = "<group>";
		};
		DAE0228C2A78F67D00172C97 /* Preview Content */ = {
			isa = PBXGroup;
			children = (
				DAE0228D2A78F67D00172C97 /* Preview Assets.xcassets */,
			);
			path = "Preview Content";
			sourceTree = "<group>";
		};
		DAE022962A78F67D00172C97 /* MathoDashTests */ = {
			isa = PBXGroup;
			children = (
				DAE022972A78F67D00172C97 /* MathoDashTests.swift */,
			);
			path = MathoDashTests;
			sourceTree = "<group>";
		};
		DAE022A02A78F67D00172C97 /* MathoDashUITests */ = {
			isa = PBXGroup;
			children = (
				DAE022A12A78F67D00172C97 /* MathoDashUITests.swift */,
				DAE022A32A78F67D00172C97 /* MathoDashUITestsLaunchTests.swift */,
			);
			path = MathoDashUITests;
			sourceTree = "<group>";
		};
		DAE022B32A7A3EF700172C97 /* Views */ = {
			isa = PBXGroup;
			children = (
				DAE022882A78F67B00172C97 /* ContentView.swift */,
				DAE022B42A7A3F0A00172C97 /* GameView.swift */,
				DAE022B62A7A3F1E00172C97 /* GameOverView.swift */,
			);
			path = Views;
			sourceTree = "<group>";
		};
		DAF9E9542A944BFF00EA1B6E /* fonts */ = {
			isa = PBXGroup;
			children = (
				DAF9E9552A944C0B00EA1B6E /* LuckiestGuy-Regular.ttf */,
			);
			path = fonts;
			sourceTree = "<group>";
		};
/* End PBXGroup section */

/* Begin PBXNativeTarget section */
		DAE022822A78F67B00172C97 /* MathoDash */ = {
			isa = PBXNativeTarget;
			buildConfigurationList = DAE022A72A78F67D00172C97 /* Build configuration list for PBXNativeTarget "MathoDash" */;
			buildPhases = (
				DAE0227F2A78F67B00172C97 /* Sources */,
				DAE022802A78F67B00172C97 /* Frameworks */,
				DAE022812A78F67B00172C97 /* Resources */,
			);
			buildRules = (
			);
			dependencies = (
			);
			name = MathoDash;
			productName = MathoDash;
			productReference = DAE022832A78F67B00172C97 /* MathoDash.app */;
			productType = "com.apple.product-type.application";
		};
		DAE022922A78F67D00172C97 /* MathoDashTests */ = {
			isa = PBXNativeTarget;
			buildConfigurationList = DAE022AA2A78F67D00172C97 /* Build configuration list for PBXNativeTarget "MathoDashTests" */;
			buildPhases = (
				DAE0228F2A78F67D00172C97 /* Sources */,
				DAE022902A78F67D00172C97 /* Frameworks */,
				DAE022912A78F67D00172C97 /* Resources */,
			);
			buildRules = (
			);
			dependencies = (
				DAE022952A78F67D00172C97 /* PBXTargetDependency */,
			);
			name = MathoDashTests;
			productName = MathoDashTests;
			productReference = DAE022932A78F67D00172C97 /* MathoDashTests.xctest */;
			productType = "com.apple.product-type.bundle.unit-test";
		};
		DAE0229C2A78F67D00172C97 /* MathoDashUITests */ = {
			isa = PBXNativeTarget;
			buildConfigurationList = DAE022AD2A78F67D00172C97 /* Build configuration list for PBXNativeTarget "MathoDashUITests" */;
			buildPhases = (
				DAE022992A78F67D00172C97 /* Sources */,
				DAE0229A2A78F67D00172C97 /* Frameworks */,
				DAE0229B2A78F67D00172C97 /* Resources */,
			);
			buildRules = (
			);
			dependencies = (
				DAE0229F2A78F67D00172C97 /* PBXTargetDependency */,
			);
			name = MathoDashUITests;
			productName = MathoDashUITests;
			productReference = DAE0229D2A78F67D00172C97 /* MathoDashUITests.xctest */;
			productType = "com.apple.product-type.bundle.ui-testing";
		};
/* End PBXNativeTarget section */

/* Begin PBXProject section */
		DAE0227B2A78F67B00172C97 /* Project object */ = {
			isa = PBXProject;
			attributes = {
				BuildIndependentTargetsInParallel = 1;
				LastSwiftUpdateCheck = 1430;
				LastUpgradeCheck = 1430;
				TargetAttributes = {
					DAE022822A78F67B00172C97 = {
						CreatedOnToolsVersion = 14.3;
					};
					DAE022922A78F67D00172C97 = {
						CreatedOnToolsVersion = 14.3;
						TestTargetID = DAE022822A78F67B00172C97;
					};
					DAE0229C2A78F67D00172C97 = {
						CreatedOnToolsVersion = 14.3;
						TestTargetID = DAE022822A78F67B00172C97;
					};
				};
			};
			buildConfigurationList = DAE0227E2A78F67B00172C97 /* Build configuration list for PBXProject "MathoDash" */;
			compatibilityVersion = "Xcode 14.0";
			developmentRegion = en;
			hasScannedForEncodings = 0;
			knownRegions = (
				en,
				Base,
			);
			mainGroup = DAE0227A2A78F67B00172C97;
			productRefGroup = DAE022842A78F67B00172C97 /* Products */;
			projectDirPath = "";
			projectRoot = "";
			targets = (
				DAE022822A78F67B00172C97 /* MathoDash */,
				DAE022922A78F67D00172C97 /* MathoDashTests */,
				DAE0229C2A78F67D00172C97 /* MathoDashUITests */,
			);
		};
/* End PBXProject section */

/* Begin PBXResourcesBuildPhase section */
		DAE022812A78F67B00172C97 /* Resources */ = {
			isa = PBXResourcesBuildPhase;
			buildActionMask = 2147483647;
			files = (
				DAD672D12A8F52AF007C103A /* round2.txt in Resources */,
				DAD672D22A8F52AF007C103A /* round1.txt in Resources */,
				DAE0228E2A78F67D00172C97 /* Preview Assets.xcassets in Resources */,
				DAF9E9562A944C3100EA1B6E /* LuckiestGuy-Regular.ttf in Resources */,
				DAE0228B2A78F67D00172C97 /* Assets.xcassets in Resources */,
			);
			runOnlyForDeploymentPostprocessing = 0;
		};
		DAE022912A78F67D00172C97 /* Resources */ = {
			isa = PBXResourcesBuildPhase;
			buildActionMask = 2147483647;
			files = (
			);
			runOnlyForDeploymentPostprocessing = 0;
		};
		DAE0229B2A78F67D00172C97 /* Resources */ = {
			isa = PBXResourcesBuildPhase;
			buildActionMask = 2147483647;
			files = (
			);
			runOnlyForDeploymentPostprocessing = 0;
		};
/* End PBXResourcesBuildPhase section */

/* Begin PBXSourcesBuildPhase section */
		DAE0227F2A78F67B00172C97 /* Sources */ = {
			isa = PBXSourcesBuildPhase;
			buildActionMask = 2147483647;
			files = (
				DAD672CD2A8F5292007C103A /* LoadMaze.swift in Sources */,
				DAD672BE2A8F51C6007C103A /* StartGame.swift in Sources */,
				DAD672C52A8F51C6007C103A /* MatchManager.swift in Sources */,
				DAE022B72A7A3F1E00172C97 /* GameOverView.swift in Sources */,
				DAD672C22A8F51C6007C103A /* GameData.swift in Sources */,
				DAE022892A78F67B00172C97 /* ContentView.swift in Sources */,
				DAE022B52A7A3F0A00172C97 /* GameView.swift in Sources */,
				DAE022872A78F67B00172C97 /* MathoDashApp.swift in Sources */,
				DAD672CC2A8F5292007C103A /* MathSolver.swift in Sources */,
				DAD672C12A8F51C6007C103A /* EndOfRound.swift in Sources */,
			);
			runOnlyForDeploymentPostprocessing = 0;
		};
		DAE0228F2A78F67D00172C97 /* Sources */ = {
			isa = PBXSourcesBuildPhase;
			buildActionMask = 2147483647;
			files = (
				DAE022982A78F67D00172C97 /* MathoDashTests.swift in Sources */,
			);
			runOnlyForDeploymentPostprocessing = 0;
		};
		DAE022992A78F67D00172C97 /* Sources */ = {
			isa = PBXSourcesBuildPhase;
			buildActionMask = 2147483647;
			files = (
				DAE022A42A78F67D00172C97 /* MathoDashUITestsLaunchTests.swift in Sources */,
				DAE022A22A78F67D00172C97 /* MathoDashUITests.swift in Sources */,
			);
			runOnlyForDeploymentPostprocessing = 0;
		};
/* End PBXSourcesBuildPhase section */

/* Begin PBXTargetDependency section */
		DAE022952A78F67D00172C97 /* PBXTargetDependency */ = {
			isa = PBXTargetDependency;
			target = DAE022822A78F67B00172C97 /* MathoDash */;
			targetProxy = DAE022942A78F67D00172C97 /* PBXContainerItemProxy */;
		};
		DAE0229F2A78F67D00172C97 /* PBXTargetDependency */ = {
			isa = PBXTargetDependency;
			target = DAE022822A78F67B00172C97 /* MathoDash */;
			targetProxy = DAE0229E2A78F67D00172C97 /* PBXContainerItemProxy */;
		};
/* End PBXTargetDependency section */

/* Begin XCBuildConfiguration section */
		DAE022A52A78F67D00172C97 /* Debug */ = {
			isa = XCBuildConfiguration;
			buildSettings = {
				ALWAYS_SEARCH_USER_PATHS = NO;
				CLANG_ANALYZER_NONNULL = YES;
				CLANG_ANALYZER_NUMBER_OBJECT_CONVERSION = YES_AGGRESSIVE;
				CLANG_CXX_LANGUAGE_STANDARD = "gnu++20";
				CLANG_ENABLE_MODULES = YES;
				CLANG_ENABLE_OBJC_ARC = YES;
				CLANG_ENABLE_OBJC_WEAK = YES;
				CLANG_WARN_BLOCK_CAPTURE_AUTORELEASING = YES;
				CLANG_WARN_BOOL_CONVERSION = YES;
				CLANG_WARN_COMMA = YES;
				CLANG_WARN_CONSTANT_CONVERSION = YES;
				CLANG_WARN_DEPRECATED_OBJC_IMPLEMENTATIONS = YES;
				CLANG_WARN_DIRECT_OBJC_ISA_USAGE = YES_ERROR;
				CLANG_WARN_DOCUMENTATION_COMMENTS = YES;
				CLANG_WARN_EMPTY_BODY = YES;
				CLANG_WARN_ENUM_CONVERSION = YES;
				CLANG_WARN_INFINITE_RECURSION = YES;
				CLANG_WARN_INT_CONVERSION = YES;
				CLANG_WARN_NON_LITERAL_NULL_CONVERSION = YES;
				CLANG_WARN_OBJC_IMPLICIT_RETAIN_SELF = YES;
				CLANG_WARN_OBJC_LITERAL_CONVERSION = YES;
				CLANG_WARN_OBJC_ROOT_CLASS = YES_ERROR;
				CLANG_WARN_QUOTED_INCLUDE_IN_FRAMEWORK_HEADER = YES;
				CLANG_WARN_RANGE_LOOP_ANALYSIS = YES;
				CLANG_WARN_STRICT_PROTOTYPES = YES;
				CLANG_WARN_SUSPICIOUS_MOVE = YES;
				CLANG_WARN_UNGUARDED_AVAILABILITY = YES_AGGRESSIVE;
				CLANG_WARN_UNREACHABLE_CODE = YES;
				CLANG_WARN__DUPLICATE_METHOD_MATCH = YES;
				COPY_PHASE_STRIP = NO;
				DEBUG_INFORMATION_FORMAT = dwarf;
				ENABLE_STRICT_OBJC_MSGSEND = YES;
				ENABLE_TESTABILITY = YES;
				GCC_C_LANGUAGE_STANDARD = gnu11;
				GCC_DYNAMIC_NO_PIC = NO;
				GCC_NO_COMMON_BLOCKS = YES;
				GCC_OPTIMIZATION_LEVEL = 0;
				GCC_PREPROCESSOR_DEFINITIONS = (
					"DEBUG=1",
					"$(inherited)",
				);
				GCC_WARN_64_TO_32_BIT_CONVERSION = YES;
				GCC_WARN_ABOUT_RETURN_TYPE = YES_ERROR;
				GCC_WARN_UNDECLARED_SELECTOR = YES;
				GCC_WARN_UNINITIALIZED_AUTOS = YES_AGGRESSIVE;
				GCC_WARN_UNUSED_FUNCTION = YES;
				GCC_WARN_UNUSED_VARIABLE = YES;
				IPHONEOS_DEPLOYMENT_TARGET = 16.4;
				MTL_ENABLE_DEBUG_INFO = INCLUDE_SOURCE;
				MTL_FAST_MATH = YES;
				ONLY_ACTIVE_ARCH = YES;
				SDKROOT = iphoneos;
				SWIFT_ACTIVE_COMPILATION_CONDITIONS = DEBUG;
				SWIFT_OPTIMIZATION_LEVEL = "-Onone";
			};
			name = Debug;
		};
		DAE022A62A78F67D00172C97 /* Release */ = {
			isa = XCBuildConfiguration;
			buildSettings = {
				ALWAYS_SEARCH_USER_PATHS = NO;
				CLANG_ANALYZER_NONNULL = YES;
				CLANG_ANALYZER_NUMBER_OBJECT_CONVERSION = YES_AGGRESSIVE;
				CLANG_CXX_LANGUAGE_STANDARD = "gnu++20";
				CLANG_ENABLE_MODULES = YES;
				CLANG_ENABLE_OBJC_ARC = YES;
				CLANG_ENABLE_OBJC_WEAK = YES;
				CLANG_WARN_BLOCK_CAPTURE_AUTORELEASING = YES;
				CLANG_WARN_BOOL_CONVERSION = YES;
				CLANG_WARN_COMMA = YES;
				CLANG_WARN_CONSTANT_CONVERSION = YES;
				CLANG_WARN_DEPRECATED_OBJC_IMPLEMENTATIONS = YES;
				CLANG_WARN_DIRECT_OBJC_ISA_USAGE = YES_ERROR;
				CLANG_WARN_DOCUMENTATION_COMMENTS = YES;
				CLANG_WARN_EMPTY_BODY = YES;
				CLANG_WARN_ENUM_CONVERSION = YES;
				CLANG_WARN_INFINITE_RECURSION = YES;
				CLANG_WARN_INT_CONVERSION = YES;
				CLANG_WARN_NON_LITERAL_NULL_CONVERSION = YES;
				CLANG_WARN_OBJC_IMPLICIT_RETAIN_SELF = YES;
				CLANG_WARN_OBJC_LITERAL_CONVERSION = YES;
				CLANG_WARN_OBJC_ROOT_CLASS = YES_ERROR;
				CLANG_WARN_QUOTED_INCLUDE_IN_FRAMEWORK_HEADER = YES;
				CLANG_WARN_RANGE_LOOP_ANALYSIS = YES;
				CLANG_WARN_STRICT_PROTOTYPES = YES;
				CLANG_WARN_SUSPICIOUS_MOVE = YES;
				CLANG_WARN_UNGUARDED_AVAILABILITY = YES_AGGRESSIVE;
				CLANG_WARN_UNREACHABLE_CODE = YES;
				CLANG_WARN__DUPLICATE_METHOD_MATCH = YES;
				COPY_PHASE_STRIP = NO;
				DEBUG_INFORMATION_FORMAT = "dwarf-with-dsym";
				ENABLE_NS_ASSERTIONS = NO;
				ENABLE_STRICT_OBJC_MSGSEND = YES;
				GCC_C_LANGUAGE_STANDARD = gnu11;
				GCC_NO_COMMON_BLOCKS = YES;
				GCC_WARN_64_TO_32_BIT_CONVERSION = YES;
				GCC_WARN_ABOUT_RETURN_TYPE = YES_ERROR;
				GCC_WARN_UNDECLARED_SELECTOR = YES;
				GCC_WARN_UNINITIALIZED_AUTOS = YES_AGGRESSIVE;
				GCC_WARN_UNUSED_FUNCTION = YES;
				GCC_WARN_UNUSED_VARIABLE = YES;
				IPHONEOS_DEPLOYMENT_TARGET = 16.4;
				MTL_ENABLE_DEBUG_INFO = NO;
				MTL_FAST_MATH = YES;
				SDKROOT = iphoneos;
				SWIFT_COMPILATION_MODE = wholemodule;
				SWIFT_OPTIMIZATION_LEVEL = "-O";
				VALIDATE_PRODUCT = YES;
			};
			name = Release;
		};
		DAE022A82A78F67D00172C97 /* Debug */ = {
			isa = XCBuildConfiguration;
			buildSettings = {
				ASSETCATALOG_COMPILER_APPICON_NAME = AppIcon;
				ASSETCATALOG_COMPILER_GLOBAL_ACCENT_COLOR_NAME = AccentColor;
				CODE_SIGN_ENTITLEMENTS = MathoDash/MathoDash.entitlements;
				CODE_SIGN_IDENTITY = "Apple Development";
				CODE_SIGN_STYLE = Automatic;
				CURRENT_PROJECT_VERSION = 1;
				DEVELOPMENT_ASSET_PATHS = "\"MathoDash/Preview Content\"";
				DEVELOPMENT_TEAM = TG4T97CU5T;
				ENABLE_PREVIEWS = YES;
				GENERATE_INFOPLIST_FILE = YES;
				INFOPLIST_FILE = MathoDash/Info.plist;
				INFOPLIST_KEY_UIApplicationSceneManifest_Generation = YES;
				INFOPLIST_KEY_UIApplicationSupportsIndirectInputEvents = YES;
				INFOPLIST_KEY_UILaunchScreen_Generation = YES;
				INFOPLIST_KEY_UISupportedInterfaceOrientations = UIInterfaceOrientationLandscapeRight;
				LD_RUNPATH_SEARCH_PATHS = (
					"$(inherited)",
					"@executable_path/Frameworks",
				);
				MARKETING_VERSION = 1.0;
				PRODUCT_BUNDLE_IDENTIFIER = sasa.MathoDash;
				PRODUCT_NAME = "$(TARGET_NAME)";
				PROVISIONING_PROFILE_SPECIFIER = "";
				SWIFT_EMIT_LOC_STRINGS = YES;
				SWIFT_VERSION = 5.0;
				TARGETED_DEVICE_FAMILY = "1,2";
			};
			name = Debug;
		};
		DAE022A92A78F67D00172C97 /* Release */ = {
			isa = XCBuildConfiguration;
			buildSettings = {
				ASSETCATALOG_COMPILER_APPICON_NAME = AppIcon;
				ASSETCATALOG_COMPILER_GLOBAL_ACCENT_COLOR_NAME = AccentColor;
				CODE_SIGN_ENTITLEMENTS = MathoDash/MathoDash.entitlements;
				CODE_SIGN_IDENTITY = "Apple Development";
				CODE_SIGN_STYLE = Automatic;
				CURRENT_PROJECT_VERSION = 1;
				DEVELOPMENT_ASSET_PATHS = "\"MathoDash/Preview Content\"";
				DEVELOPMENT_TEAM = TG4T97CU5T;
				ENABLE_PREVIEWS = YES;
				GENERATE_INFOPLIST_FILE = YES;
				INFOPLIST_FILE = MathoDash/Info.plist;
				INFOPLIST_KEY_UIApplicationSceneManifest_Generation = YES;
				INFOPLIST_KEY_UIApplicationSupportsIndirectInputEvents = YES;
				INFOPLIST_KEY_UILaunchScreen_Generation = YES;
				INFOPLIST_KEY_UISupportedInterfaceOrientations = UIInterfaceOrientationLandscapeRight;
				LD_RUNPATH_SEARCH_PATHS = (
					"$(inherited)",
					"@executable_path/Frameworks",
				);
				MARKETING_VERSION = 1.0;
				PRODUCT_BUNDLE_IDENTIFIER = sasa.MathoDash;
				PRODUCT_NAME = "$(TARGET_NAME)";
				PROVISIONING_PROFILE_SPECIFIER = "";
				SWIFT_EMIT_LOC_STRINGS = YES;
				SWIFT_VERSION = 5.0;
				TARGETED_DEVICE_FAMILY = "1,2";
			};
			name = Release;
		};
		DAE022AB2A78F67D00172C97 /* Debug */ = {
			isa = XCBuildConfiguration;
			buildSettings = {
				ALWAYS_EMBED_SWIFT_STANDARD_LIBRARIES = YES;
				BUNDLE_LOADER = "$(TEST_HOST)";
				CODE_SIGN_STYLE = Automatic;
				CURRENT_PROJECT_VERSION = 1;
				DEVELOPMENT_TEAM = 2A5D48389N;
				GENERATE_INFOPLIST_FILE = YES;
				IPHONEOS_DEPLOYMENT_TARGET = 16.4;
				MARKETING_VERSION = 1.0;
				PRODUCT_BUNDLE_IDENTIFIER = kelly.MathoDashTests;
				PRODUCT_NAME = "$(TARGET_NAME)";
				SWIFT_EMIT_LOC_STRINGS = NO;
				SWIFT_VERSION = 5.0;
				TARGETED_DEVICE_FAMILY = "1,2";
				TEST_HOST = "$(BUILT_PRODUCTS_DIR)/MathoDash.app/$(BUNDLE_EXECUTABLE_FOLDER_PATH)/MathoDash";
			};
			name = Debug;
		};
		DAE022AC2A78F67D00172C97 /* Release */ = {
			isa = XCBuildConfiguration;
			buildSettings = {
				ALWAYS_EMBED_SWIFT_STANDARD_LIBRARIES = YES;
				BUNDLE_LOADER = "$(TEST_HOST)";
				CODE_SIGN_STYLE = Automatic;
				CURRENT_PROJECT_VERSION = 1;
				DEVELOPMENT_TEAM = 2A5D48389N;
				GENERATE_INFOPLIST_FILE = YES;
				IPHONEOS_DEPLOYMENT_TARGET = 16.4;
				MARKETING_VERSION = 1.0;
				PRODUCT_BUNDLE_IDENTIFIER = kelly.MathoDashTests;
				PRODUCT_NAME = "$(TARGET_NAME)";
				SWIFT_EMIT_LOC_STRINGS = NO;
				SWIFT_VERSION = 5.0;
				TARGETED_DEVICE_FAMILY = "1,2";
				TEST_HOST = "$(BUILT_PRODUCTS_DIR)/MathoDash.app/$(BUNDLE_EXECUTABLE_FOLDER_PATH)/MathoDash";
			};
			name = Release;
		};
		DAE022AE2A78F67D00172C97 /* Debug */ = {
			isa = XCBuildConfiguration;
			buildSettings = {
				ALWAYS_EMBED_SWIFT_STANDARD_LIBRARIES = YES;
				CODE_SIGN_STYLE = Automatic;
				CURRENT_PROJECT_VERSION = 1;
				DEVELOPMENT_TEAM = 2A5D48389N;
				GENERATE_INFOPLIST_FILE = YES;
				MARKETING_VERSION = 1.0;
				PRODUCT_BUNDLE_IDENTIFIER = kelly.MathoDashUITests;
				PRODUCT_NAME = "$(TARGET_NAME)";
				SWIFT_EMIT_LOC_STRINGS = NO;
				SWIFT_VERSION = 5.0;
				TARGETED_DEVICE_FAMILY = "1,2";
				TEST_TARGET_NAME = MathoDash;
			};
			name = Debug;
		};
		DAE022AF2A78F67D00172C97 /* Release */ = {
			isa = XCBuildConfiguration;
			buildSettings = {
				ALWAYS_EMBED_SWIFT_STANDARD_LIBRARIES = YES;
				CODE_SIGN_STYLE = Automatic;
				CURRENT_PROJECT_VERSION = 1;
				DEVELOPMENT_TEAM = 2A5D48389N;
				GENERATE_INFOPLIST_FILE = YES;
				MARKETING_VERSION = 1.0;
				PRODUCT_BUNDLE_IDENTIFIER = kelly.MathoDashUITests;
				PRODUCT_NAME = "$(TARGET_NAME)";
				SWIFT_EMIT_LOC_STRINGS = NO;
				SWIFT_VERSION = 5.0;
				TARGETED_DEVICE_FAMILY = "1,2";
				TEST_TARGET_NAME = MathoDash;
			};
			name = Release;
		};
/* End XCBuildConfiguration section */

/* Begin XCConfigurationList section */
		DAE0227E2A78F67B00172C97 /* Build configuration list for PBXProject "MathoDash" */ = {
			isa = XCConfigurationList;
			buildConfigurations = (
				DAE022A52A78F67D00172C97 /* Debug */,
				DAE022A62A78F67D00172C97 /* Release */,
			);
			defaultConfigurationIsVisible = 0;
			defaultConfigurationName = Release;
		};
		DAE022A72A78F67D00172C97 /* Build configuration list for PBXNativeTarget "MathoDash" */ = {
			isa = XCConfigurationList;
			buildConfigurations = (
				DAE022A82A78F67D00172C97 /* Debug */,
				DAE022A92A78F67D00172C97 /* Release */,
			);
			defaultConfigurationIsVisible = 0;
			defaultConfigurationName = Release;
		};
		DAE022AA2A78F67D00172C97 /* Build configuration list for PBXNativeTarget "MathoDashTests" */ = {
			isa = XCConfigurationList;
			buildConfigurations = (
				DAE022AB2A78F67D00172C97 /* Debug */,
				DAE022AC2A78F67D00172C97 /* Release */,
			);
			defaultConfigurationIsVisible = 0;
			defaultConfigurationName = Release;
		};
		DAE022AD2A78F67D00172C97 /* Build configuration list for PBXNativeTarget "MathoDashUITests" */ = {
			isa = XCConfigurationList;
			buildConfigurations = (
				DAE022AE2A78F67D00172C97 /* Debug */,
				DAE022AF2A78F67D00172C97 /* Release */,
			);
			defaultConfigurationIsVisible = 0;
			defaultConfigurationName = Release;
		};
/* End XCConfigurationList section */
	};
	rootObject = DAE0227B2A78F67B00172C97 /* Project object */;
}
